
Microsoft Visual Studio Solution File, Format Version 12.00
# Visual Studio Version 16
VisualStudioVersion = 16.0.32929.386
MinimumVisualStudioVersion = 10.0.40219.1
Project("{FAE04EC0-301F-11D3-BF4B-00C04F79EFBC}") = "WpfApp2", "WpfApp2\WpfApp2.csproj", "{79BE43F6-4FB4-4825-B8BF-2618CF12A775}"
EndProject
Global
	GlobalSection(SolutionConfigurationPlatforms) = preSolution
		Debug|Any CPU = Debug|Any CPU
		Release|Any CPU = Release|Any CPU
	EndGlobalSection
	GlobalSection(ProjectConfigurationPlatforms) = postSolution
		{79BE43F6-4FB4-4825-B8BF-2618CF12A775}.Debug|Any CPU.ActiveCfg = Debug|Any CPU
		{79BE43F6-4FB4-4825-B8BF-2618CF12A775}.Debug|Any CPU.Build.0 = Debug|Any CPU
		{79BE43F6-4FB4-4825-B8BF-2618CF12A775}.Release|Any CPU.ActiveCfg = Release|Any CPU
		{79BE43F6-4FB4-4825-B8BF-2618CF12A775}.Release|Any CPU.Build.0 = Release|Any CPU
	EndGlobalSection
	GlobalSection(SolutionProperties) = preSolution
		HideSolutionNode = FALSE
	EndGlobalSection
	GlobalSection(ExtensibilityGlobals) = postSolution
		SolutionGuid = {EEA2E10E-FE50-41AD-B2E1-59BB8D01A815}
	EndGlobalSection
EndGlobal
